
Microsoft Visual Studio Solution File, Format Version 12.00
# Visual Studio Version 16
VisualStudioVersion = 16.0.30204.135
MinimumVisualStudioVersion = 10.0.40219.1
Project("{9A19103F-16F7-4668-BE54-9A1E7A4F7556}") = "Mon_Assistant_Catalys.Web", "Mon_Assistant_Catalys.Web\Mon_Assistant_Catalys.Web.csproj", "{F5DE5AE2-624E-431D-8FBB-3D258FE60C60}"
EndProject
Project("{9A19103F-16F7-4668-BE54-9A1E7A4F7556}") = "Mon_Assistant_Catalys.Unit_Tests", "Mon_Assistant_Catalys.Unit_Tests\Mon_Assistant_Catalys.Unit_Tests.csproj", "{EA737015-F829-4A7A-9FFF-8287D4FFD0F7}"
EndProject
Project("{9A19103F-16F7-4668-BE54-9A1E7A4F7556}") = "Mon_Assistant_Catalys.Bot", "Mon_Assistant_Catalys.Bot\Mon_Assistant_Catalys.Bot.csproj", "{9CFB9F17-D9E0-4CB1-884B-90B493A11817}"
EndProject
Global
	GlobalSection(SolutionConfigurationPlatforms) = preSolution
		Debug|Any CPU = Debug|Any CPU
		Release|Any CPU = Release|Any CPU
	EndGlobalSection
	GlobalSection(ProjectConfigurationPlatforms) = postSolution
		{F5DE5AE2-624E-431D-8FBB-3D258FE60C60}.Debug|Any CPU.ActiveCfg = Debug|Any CPU
		{F5DE5AE2-624E-431D-8FBB-3D258FE60C60}.Debug|Any CPU.Build.0 = Debug|Any CPU
		{F5DE5AE2-624E-431D-8FBB-3D258FE60C60}.Release|Any CPU.ActiveCfg = Release|Any CPU
		{F5DE5AE2-624E-431D-8FBB-3D258FE60C60}.Release|Any CPU.Build.0 = Release|Any CPU
		{EA737015-F829-4A7A-9FFF-8287D4FFD0F7}.Debug|Any CPU.ActiveCfg = Debug|Any CPU
		{EA737015-F829-4A7A-9FFF-8287D4FFD0F7}.Debug|Any CPU.Build.0 = Debug|Any CPU
		{EA737015-F829-4A7A-9FFF-8287D4FFD0F7}.Release|Any CPU.ActiveCfg = Release|Any CPU
		{EA737015-F829-4A7A-9FFF-8287D4FFD0F7}.Release|Any CPU.Build.0 = Release|Any CPU
		{9CFB9F17-D9E0-4CB1-884B-90B493A11817}.Debug|Any CPU.ActiveCfg = Debug|Any CPU
		{9CFB9F17-D9E0-4CB1-884B-90B493A11817}.Debug|Any CPU.Build.0 = Debug|Any CPU
		{9CFB9F17-D9E0-4CB1-884B-90B493A11817}.Release|Any CPU.ActiveCfg = Release|Any CPU
		{9CFB9F17-D9E0-4CB1-884B-90B493A11817}.Release|Any CPU.Build.0 = Release|Any CPU
	EndGlobalSection
	GlobalSection(SolutionProperties) = preSolution
		HideSolutionNode = FALSE
	EndGlobalSection
	GlobalSection(ExtensibilityGlobals) = postSolution
		SolutionGuid = {C078FA7D-F2E4-42ED-8FD1-BE6B52806CA4}
	EndGlobalSection
EndGlobal
